# This file is autogenerated, do not edit; changes may be undone by the next 'dep ensure'.

[[projects]]
  digest = "1:c6efd5c6f995cb646b460394f2dc95a35222bf5d42e3eec1505ff2ff7347823a"
  name = "github.com/Beeketing/go-jmespath"
  packages = ["."]
  pruneopts = ""
  revision = "f9fd2b3271c42c67c36972dd948b28efc788156b"

[solve-meta]
  analyzer-name = "dep"
  analyzer-version = 1
  input-imports = [
    "github.com/Beeketing/go-jmespath",
  ]
  solver-name = "gps-cdcl"
  solver-version = 1
